
Microsoft Visual Studio Solution File, Format Version 12.00
# Visual Studio 14
VisualStudioVersion = 14.0.24720.0
MinimumVisualStudioVersion = 10.0.40219.1
Project("{FAE04EC0-301F-11D3-BF4B-00C04F79EFBC}") = "FormTest", "FormTest\FormTest.csproj", "{07A303C5-5EB3-4D54-82E7-A37E695519A2}"
EndProject
Global
	GlobalSection(SolutionConfigurationPlatforms) = preSolution
		Debug|Any CPU = Debug|Any CPU
		Release|Any CPU = Release|Any CPU
	EndGlobalSection
	GlobalSection(ProjectConfigurationPlatforms) = postSolution
		{07A303C5-5EB3-4D54-82E7-A37E695519A2}.Debug|Any CPU.ActiveCfg = Debug|Any CPU
		{07A303C5-5EB3-4D54-82E7-A37E695519A2}.Debug|Any CPU.Build.0 = Debug|Any CPU
		{07A303C5-5EB3-4D54-82E7-A37E695519A2}.Release|Any CPU.ActiveCfg = Release|Any CPU
		{07A303C5-5EB3-4D54-82E7-A37E695519A2}.Release|Any CPU.Build.0 = Release|Any CPU
	EndGlobalSection
	GlobalSection(SolutionProperties) = preSolution
		HideSolutionNode = FALSE
	EndGlobalSection
EndGlobal
